<?xml version="1.0" encoding="utf-8"?>
<Project ToolsVersion="4.0" xmlns="http://schemas.microsoft.com/developer/msbuild/2003">
  <ItemGroup>
    <Filter Include="Source Files">
      <UniqueIdentifier>{4FC737F1-C7A5-4376-A066-2A32D752A2FF}</UniqueIdentifier>
      <Extensions>cpp;c;cc;cxx;def;odl;idl;hpj;bat;asm;asmx</Extensions>
    </Filter>
    <Filter Include="Header Files">
      <UniqueIdentifier>{93995380-89BD-4b04-88EB-625FBE52EBFB}</UniqueIdentifier>
      <Extensions>h;hh;hpp;hxx;hm;inl;inc;xsd</Extensions>
    </Filter>
    <Filter Include="Assets">
      <UniqueIdentifier>{a5ae3c4f-da06-452d-8573-0d6543a2331e}</UniqueIdentifier>
    </Filter>
    <Filter Include="Assets\Shaders">
      <UniqueIdentifier>{fa72d299-45b4-42c7-b4b4-61c8dcf91565}</UniqueIdentifier>
    </Filter>
  </ItemGroup>
  <ItemGroup>
    <ClInclude Include="pch.h">
      <Filter>Header Files</Filter>
    </ClInclude>
    <ClInclude Include="Device.h">
      <Filter>Header Files</Filter>
    </ClInclude>
    <ClInclude Include="Renderer.h">
      <Filter>Header Files</Filter>
    </ClInclude>
    <ClInclude Include="MeshRenderPass.h">
      <Filter>Header Files</Filter>
    </ClInclude>
    <ClInclude Include="Shader.h">
      <Filter>Header Files</Filter>
    </ClInclude>
    <ClInclude Include="Math.h">
      <Filter>Header Files</Filter>
    </ClInclude>
    <ClInclude Include="Camera.h">
      <Filter>Header Files</Filter>
    </ClInclude>
    <ClInclude Include="SkyboxRenderPass.h">
      <Filter>Header Files</Filter>
    </ClInclude>
    <ClInclude Include="Assets\Shaders\Raytracing.h">
      <Filter>Assets\Shaders</Filter>
    </ClInclude>
    <ClInclude Include="RenderTarget.h">
      <Filter>Header Files</Filter>
    </ClInclude>
    <ClInclude Include="RayTracingRenderPass.h">
      <Filter>Header Files</Filter>
    </ClInclude>
    <ClInclude Include="AccelerationStructure.h">
      <Filter>Header Files</Filter>
    </ClInclude>
  </ItemGroup>
  <ItemGroup>
    <ClCompile Include="pch.cpp">
      <Filter>Source Files</Filter>
    </ClCompile>
    <ClCompile Include="WinMain.cpp">
      <Filter>Source Files</Filter>
    </ClCompile>
    <ClCompile Include="Device.cpp">
      <Filter>Source Files</Filter>
    </ClCompile>
    <ClCompile Include="Renderer.cpp">
      <Filter>Source Files</Filter>
    </ClCompile>
    <ClCompile Include="Shader.cpp">
      <Filter>Source Files</Filter>
    </ClCompile>
    <ClCompile Include="RenderTarget.cpp">
      <Filter>Source Files</Filter>
    </ClCompile>
    <ClCompile Include="AccelerationStructure.cpp">
      <Filter>Source Files</Filter>
    </ClCompile>
  </ItemGroup>
  <ItemGroup>
    <None Include="PropertySheet.props" />
    <None Include="packages.config" />
    <None Include="Assets\Shaders\Procedural.hlsli">
      <Filter>Assets\Shaders</Filter>
    </None>
  </ItemGroup>
  <ItemGroup>
    <Text Include="readme.txt" />
  </ItemGroup>
  <ItemGroup>
    <Manifest Include="Engine.exe.manifest" />
  </ItemGroup>
  <ItemGroup>
    <CopyFileToFolders Include="Assets\Shaders\Triangle.h">
      <Filter>Assets\Shaders</Filter>
    </CopyFileToFolders>
    <CopyFileToFolders Include="Assets\Shaders\TrianglePS.hlsl">
      <Filter>Assets\Shaders</Filter>
    </CopyFileToFolders>
    <CopyFileToFolders Include="Assets\Shaders\TriangleMS.hlsl">
      <Filter>Assets\Shaders</Filter>
    </CopyFileToFolders>
    <CopyFileToFolders Include="Assets\Shaders\ShaderUniforms.h">
      <Filter>Assets\Shaders</Filter>
    </CopyFileToFolders>
    <CopyFileToFolders Include="Assets\Shaders\NoiseCS.hlsl">
      <Filter>Assets\Shaders</Filter>
    </CopyFileToFolders>
    <CopyFileToFolders Include="Assets\Shaders\SkyboxMS.hlsl">
      <Filter>Assets\Shaders</Filter>
    </CopyFileToFolders>
    <CopyFileToFolders Include="Assets\Shaders\Skybox.hlsli">
      <Filter>Assets\Shaders</Filter>
    </CopyFileToFolders>
    <CopyFileToFolders Include="Assets\Shaders\SkyboxPS.hlsl">
      <Filter>Assets\Shaders</Filter>
    </CopyFileToFolders>
  </ItemGroup>
  <ItemGroup>
    <FxCompile Include="Assets\Shaders\Raytracing.hlsl">
      <Filter>Assets\Shaders</Filter>
    </FxCompile>
    <FxCompile Include="Assets\Shaders\ProceduralAS.hlsl">
      <Filter>Assets\Shaders</Filter>
    </FxCompile>
    <FxCompile Include="Assets\Shaders\ProceduralMS.hlsl">
      <Filter>Assets\Shaders</Filter>
    </FxCompile>
    <FxCompile Include="Assets\Shaders\ProceduralPS.hlsl">
      <Filter>Assets\Shaders</Filter>
    </FxCompile>
  </ItemGroup>
</Project>